// !$*UTF8*$!
{
	archiveVersion = 1;
	classes = {
	};
	objectVersion = 46;
	objects = {

/* Begin PBXBuildFile section */
		F5F72DD41D62E994008C0D62 /* main.m in Sources */ = {isa = PBXBuildFile; fileRef = F5F72DD31D62E994008C0D62 /* main.m */; };
		F5F72DD71D62E994008C0D62 /* AppDelegate.m in Sources */ = {isa = PBXBuildFile; fileRef = F5F72DD61D62E994008C0D62 /* AppDelegate.m */; };
		F5F72DDA1D62E994008C0D62 /* ViewController.m in Sources */ = {isa = PBXBuildFile; fileRef = F5F72DD91D62E994008C0D62 /* ViewController.m */; };
		F5F72DDD1D62E994008C0D62 /* Main.storyboard in Resources */ = {isa = PBXBuildFile; fileRef = F5F72DDB1D62E994008C0D62 /* Main.storyboard */; };
		F5F72DDF1D62E994008C0D62 /* Assets.xcassets in Resources */ = {isa = PBXBuildFile; fileRef = F5F72DDE1D62E994008C0D62 /* Assets.xcassets */; };
		F5F72DE21D62E994008C0D62 /* LaunchScreen.storyboard in Resources */ = {isa = PBXBuildFile; fileRef = F5F72DE01D62E994008C0D62 /* LaunchScreen.storyboard */; };
		F5F72DED1D62E994008C0D62 /* BOBsKeyboardHandlerKitTests.m in Sources */ = {isa = PBXBuildFile; fileRef = F5F72DEC1D62E994008C0D62 /* BOBsKeyboardHandlerKitTests.m */; };
		F5F72DF81D62E994008C0D62 /* BOBsKeyboardHandlerKitUITests.m in Sources */ = {isa = PBXBuildFile; fileRef = F5F72DF71D62E994008C0D62 /* BOBsKeyboardHandlerKitUITests.m */; };
		F5F72E071D62EA73008C0D62 /* BOBTableBaseViewController.m in Sources */ = {isa = PBXBuildFile; fileRef = F5F72E061D62EA73008C0D62 /* BOBTableBaseViewController.m */; };
		F5F72E0D1D62ED77008C0D62 /* SingleInterfaceEditorCtrl.m in Sources */ = {isa = PBXBuildFile; fileRef = F5F72E0C1D62ED77008C0D62 /* SingleInterfaceEditorCtrl.m */; };
		F5F72E151D63133F008C0D62 /* TableViewInterfaceEditorCtrl.m in Sources */ = {isa = PBXBuildFile; fileRef = F5F72E141D63133F008C0D62 /* TableViewInterfaceEditorCtrl.m */; };
		F5F72E181D631661008C0D62 /* UIView+BOBs.m in Sources */ = {isa = PBXBuildFile; fileRef = F5F72E171D631661008C0D62 /* UIView+BOBs.m */; };
		F5F72F1B1D66E7E2008C0D62 /* KeyboardInfo.m in Sources */ = {isa = PBXBuildFile; fileRef = F5F72F1A1D66E7E2008C0D62 /* KeyboardInfo.m */; };
		F5F72F1E1D66E87E008C0D62 /* BOBKeyboardUtil.m in Sources */ = {isa = PBXBuildFile; fileRef = F5F72F1D1D66E87E008C0D62 /* BOBKeyboardUtil.m */; };
		F5F72F211D66F7B3008C0D62 /* TableViewMutInterfaceEditorCtrl.m in Sources */ = {isa = PBXBuildFile; fileRef = F5F72F201D66F7B3008C0D62 /* TableViewMutInterfaceEditorCtrl.m */; };
		F5F72F241D66F8EB008C0D62 /* HMTextView.m in Sources */ = {isa = PBXBuildFile; fileRef = F5F72F231D66F8EB008C0D62 /* HMTextView.m */; };
		F5F72F271D66FBFF008C0D62 /* KeyboardToolView.m in Sources */ = {isa = PBXBuildFile; fileRef = F5F72F261D66FBFF008C0D62 /* KeyboardToolView.m */; };
		F5F72F2A1D698C7C008C0D62 /* BOBTableKeyboardUtil.m in Sources */ = {isa = PBXBuildFile; fileRef = F5F72F291D698C7C008C0D62 /* BOBTableKeyboardUtil.m */; };
		F5F72F2E1D69F78E008C0D62 /* ZYKeyboardUtil.m in Sources */ = {isa = PBXBuildFile; fileRef = F5F72F2D1D69F78E008C0D62 /* ZYKeyboardUtil.m */; };
/* End PBXBuildFile section */

/* Begin PBXContainerItemProxy section */
		F5F72DE91D62E994008C0D62 /* PBXContainerItemProxy */ = {
			isa = PBXContainerItemProxy;
			containerPortal = F5F72DC71D62E994008C0D62 /* Project object */;
			proxyType = 1;
			remoteGlobalIDString = F5F72DCE1D62E994008C0D62;
			remoteInfo = BOBsKeyboardHandlerKit;
		};
		F5F72DF41D62E994008C0D62 /* PBXContainerItemProxy */ = {
			isa = PBXContainerItemProxy;
			containerPortal = F5F72DC71D62E994008C0D62 /* Project object */;
			proxyType = 1;
			remoteGlobalIDString = F5F72DCE1D62E994008C0D62;
			remoteInfo = BOBsKeyboardHandlerKit;
		};
/* End PBXContainerItemProxy section */

/* Begin PBXFileReference section */
		F5F72DCF1D62E994008C0D62 /* BOBsKeyboardHandlerKit.app */ = {isa = PBXFileReference; explicitFileType = wrapper.application; includeInIndex = 0; path = BOBsKeyboardHandlerKit.app; sourceTree = BUILT_PRODUCTS_DIR; };
		F5F72DD31D62E994008C0D62 /* main.m */ = {isa = PBXFileReference; lastKnownFileType = sourcecode.c.objc; path = main.m; sourceTree = "<group>"; };
		F5F72DD51D62E994008C0D62 /* AppDelegate.h */ = {isa = PBXFileReference; lastKnownFileType = sourcecode.c.h; path = AppDelegate.h; sourceTree = "<group>"; };
		F5F72DD61D62E994008C0D62 /* AppDelegate.m */ = {isa = PBXFileReference; lastKnownFileType = sourcecode.c.objc; path = AppDelegate.m; sourceTree = "<group>"; };
		F5F72DD81D62E994008C0D62 /* ViewController.h */ = {isa = PBXFileReference; lastKnownFileType = sourcecode.c.h; path = ViewController.h; sourceTree = "<group>"; };
		F5F72DD91D62E994008C0D62 /* ViewController.m */ = {isa = PBXFileReference; lastKnownFileType = sourcecode.c.objc; path = ViewController.m; sourceTree = "<group>"; };
		F5F72DDC1D62E994008C0D62 /* Base */ = {isa = PBXFileReference; lastKnownFileType = file.storyboard; name = Base; path = Base.lproj/Main.storyboard; sourceTree = "<group>"; };
		F5F72DDE1D62E994008C0D62 /* Assets.xcassets */ = {isa = PBXFileReference; lastKnownFileType = folder.assetcatalog; path = Assets.xcassets; sourceTree = "<group>"; };
		F5F72DE11D62E994008C0D62 /* Base */ = {isa = PBXFileReference; lastKnownFileType = file.storyboard; name = Base; path = Base.lproj/LaunchScreen.storyboard; sourceTree = "<group>"; };
		F5F72DE31D62E994008C0D62 /* Info.plist */ = {isa = PBXFileReference; lastKnownFileType = text.plist.xml; path = Info.plist; sourceTree = "<group>"; };
		F5F72DE81D62E994008C0D62 /* BOBsKeyboardHandlerKitTests.xctest */ = {isa = PBXFileReference; explicitFileType = wrapper.cfbundle; includeInIndex = 0; path = BOBsKeyboardHandlerKitTests.xctest; sourceTree = BUILT_PRODUCTS_DIR; };
		F5F72DEC1D62E994008C0D62 /* BOBsKeyboardHandlerKitTests.m */ = {isa = PBXFileReference; lastKnownFileType = sourcecode.c.objc; path = BOBsKeyboardHandlerKitTests.m; sourceTree = "<group>"; };
		F5F72DEE1D62E994008C0D62 /* Info.plist */ = {isa = PBXFileReference; lastKnownFileType = text.plist.xml; path = Info.plist; sourceTree = "<group>"; };
		F5F72DF31D62E994008C0D62 /* BOBsKeyboardHandlerKitUITests.xctest */ = {isa = PBXFileReference; explicitFileType = wrapper.cfbundle; includeInIndex = 0; path = BOBsKeyboardHandlerKitUITests.xctest; sourceTree = BUILT_PRODUCTS_DIR; };
		F5F72DF71D62E994008C0D62 /* BOBsKeyboardHandlerKitUITests.m */ = {isa = PBXFileReference; lastKnownFileType = sourcecode.c.objc; path = BOBsKeyboardHandlerKitUITests.m; sourceTree = "<group>"; };
		F5F72DF91D62E994008C0D62 /* Info.plist */ = {isa = PBXFileReference; lastKnownFileType = text.plist.xml; path = Info.plist; sourceTree = "<group>"; };
		F5F72E051D62EA73008C0D62 /* BOBTableBaseViewController.h */ = {isa = PBXFileReference; fileEncoding = 4; lastKnownFileType = sourcecode.c.h; path = BOBTableBaseViewController.h; sourceTree = "<group>"; };
		F5F72E061D62EA73008C0D62 /* BOBTableBaseViewController.m */ = {isa = PBXFileReference; fileEncoding = 4; lastKnownFileType = sourcecode.c.objc; path = BOBTableBaseViewController.m; sourceTree = "<group>"; };
		F5F72E0B1D62ED77008C0D62 /* SingleInterfaceEditorCtrl.h */ = {isa = PBXFileReference; fileEncoding = 4; lastKnownFileType = sourcecode.c.h; path = SingleInterfaceEditorCtrl.h; sourceTree = "<group>"; };
		F5F72E0C1D62ED77008C0D62 /* SingleInterfaceEditorCtrl.m */ = {isa = PBXFileReference; fileEncoding = 4; lastKnownFileType = sourcecode.c.objc; path = SingleInterfaceEditorCtrl.m; sourceTree = "<group>"; };
		F5F72E131D63133F008C0D62 /* TableViewInterfaceEditorCtrl.h */ = {isa = PBXFileReference; fileEncoding = 4; lastKnownFileType = sourcecode.c.h; name = TableViewInterfaceEditorCtrl.h; path = BOBsKeyboardHandlerKit/TableViewInterfaceEditorCtrl.h; sourceTree = "<group>"; };
		F5F72E141D63133F008C0D62 /* TableViewInterfaceEditorCtrl.m */ = {isa = PBXFileReference; fileEncoding = 4; lastKnownFileType = sourcecode.c.objc; name = TableViewInterfaceEditorCtrl.m; path = BOBsKeyboardHandlerKit/TableViewInterfaceEditorCtrl.m; sourceTree = "<group>"; };
		F5F72E161D631661008C0D62 /* UIView+BOBs.h */ = {isa = PBXFileReference; fileEncoding = 4; lastKnownFileType = sourcecode.c.h; path = "UIView+BOBs.h"; sourceTree = "<group>"; };
		F5F72E171D631661008C0D62 /* UIView+BOBs.m */ = {isa = PBXFileReference; fileEncoding = 4; lastKnownFileType = sourcecode.c.objc; path = "UIView+BOBs.m"; sourceTree = "<group>"; };
		F5F72F191D66E7E2008C0D62 /* KeyboardInfo.h */ = {isa = PBXFileReference; fileEncoding = 4; lastKnownFileType = sourcecode.c.h; path = KeyboardInfo.h; sourceTree = "<group>"; };
		F5F72F1A1D66E7E2008C0D62 /* KeyboardInfo.m */ = {isa = PBXFileReference; fileEncoding = 4; lastKnownFileType = sourcecode.c.objc; path = KeyboardInfo.m; sourceTree = "<group>"; };
		F5F72F1C1D66E87E008C0D62 /* BOBKeyboardUtil.h */ = {isa = PBXFileReference; fileEncoding = 4; lastKnownFileType = sourcecode.c.h; path = BOBKeyboardUtil.h; sourceTree = "<group>"; };
		F5F72F1D1D66E87E008C0D62 /* BOBKeyboardUtil.m */ = {isa = PBXFileReference; fileEncoding = 4; lastKnownFileType = sourcecode.c.objc; path = BOBKeyboardUtil.m; sourceTree = "<group>"; };
		F5F72F1F1D66F7B3008C0D62 /* TableViewMutInterfaceEditorCtrl.h */ = {isa = PBXFileReference; fileEncoding = 4; lastKnownFileType = sourcecode.c.h; name = TableViewMutInterfaceEditorCtrl.h; path = BOBsKeyboardHandlerKit/TableViewMutInterfaceEditorCtrl.h; sourceTree = "<group>"; };
		F5F72F201D66F7B3008C0D62 /* TableViewMutInterfaceEditorCtrl.m */ = {isa = PBXFileReference; fileEncoding = 4; lastKnownFileType = sourcecode.c.objc; name = TableViewMutInterfaceEditorCtrl.m; path = BOBsKeyboardHandlerKit/TableViewMutInterfaceEditorCtrl.m; sourceTree = "<group>"; };
		F5F72F221D66F8EB008C0D62 /* HMTextView.h */ = {isa = PBXFileReference; fileEncoding = 4; lastKnownFileType = sourcecode.c.h; path = HMTextView.h; sourceTree = "<group>"; };
		F5F72F231D66F8EB008C0D62 /* HMTextView.m */ = {isa = PBXFileReference; fileEncoding = 4; lastKnownFileType = sourcecode.c.objc; path = HMTextView.m; sourceTree = "<group>"; };
		F5F72F251D66FBFF008C0D62 /* KeyboardToolView.h */ = {isa = PBXFileReference; fileEncoding = 4; lastKnownFileType = sourcecode.c.h; path = KeyboardToolView.h; sourceTree = "<group>"; };
		F5F72F261D66FBFF008C0D62 /* KeyboardToolView.m */ = {isa = PBXFileReference; fileEncoding = 4; lastKnownFileType = sourcecode.c.objc; path = KeyboardToolView.m; sourceTree = "<group>"; };
		F5F72F281D698C7C008C0D62 /* BOBTableKeyboardUtil.h */ = {isa = PBXFileReference; fileEncoding = 4; lastKnownFileType = sourcecode.c.h; path = BOBTableKeyboardUtil.h; sourceTree = "<group>"; };
		F5F72F291D698C7C008C0D62 /* BOBTableKeyboardUtil.m */ = {isa = PBXFileReference; fileEncoding = 4; lastKnownFileType = sourcecode.c.objc; path = BOBTableKeyboardUtil.m; sourceTree = "<group>"; };
		F5F72F2C1D69F78E008C0D62 /* ZYKeyboardUtil.h */ = {isa = PBXFileReference; fileEncoding = 4; lastKnownFileType = sourcecode.c.h; path = ZYKeyboardUtil.h; sourceTree = "<group>"; };
		F5F72F2D1D69F78E008C0D62 /* ZYKeyboardUtil.m */ = {isa = PBXFileReference; fileEncoding = 4; lastKnownFileType = sourcecode.c.objc; path = ZYKeyboardUtil.m; sourceTree = "<group>"; };
/* End PBXFileReference section */

/* Begin PBXFrameworksBuildPhase section */
		F5F72DCC1D62E994008C0D62 /* Frameworks */ = {
			isa = PBXFrameworksBuildPhase;
			buildActionMask = 2147483647;
			files = (
			);
			runOnlyForDeploymentPostprocessing = 0;
		};
		F5F72DE51D62E994008C0D62 /* Frameworks */ = {
			isa = PBXFrameworksBuildPhase;
			buildActionMask = 2147483647;
			files = (
			);
			runOnlyForDeploymentPostprocessing = 0;
		};
		F5F72DF01D62E994008C0D62 /* Frameworks */ = {
			isa = PBXFrameworksBuildPhase;
			buildActionMask = 2147483647;
			files = (
			);
			runOnlyForDeploymentPostprocessing = 0;
		};
/* End PBXFrameworksBuildPhase section */

/* Begin PBXGroup section */
		F5F72DC61D62E994008C0D62 = {
			isa = PBXGroup;
			children = (
				F5F72DD11D62E994008C0D62 /* BOBsKeyboardHandlerKit */,
				F5F72DEB1D62E994008C0D62 /* BOBsKeyboardHandlerKitTests */,
				F5F72DF61D62E994008C0D62 /* BOBsKeyboardHandlerKitUITests */,
				F5F72DD01D62E994008C0D62 /* Products */,
			);
			sourceTree = "<group>";
		};
		F5F72DD01D62E994008C0D62 /* Products */ = {
			isa = PBXGroup;
			children = (
				F5F72DCF1D62E994008C0D62 /* BOBsKeyboardHandlerKit.app */,
				F5F72DE81D62E994008C0D62 /* BOBsKeyboardHandlerKitTests.xctest */,
				F5F72DF31D62E994008C0D62 /* BOBsKeyboardHandlerKitUITests.xctest */,
			);
			name = Products;
			sourceTree = "<group>";
		};
		F5F72DD11D62E994008C0D62 /* BOBsKeyboardHandlerKit */ = {
			isa = PBXGroup;
			children = (
				F5F72F221D66F8EB008C0D62 /* HMTextView.h */,
				F5F72F231D66F8EB008C0D62 /* HMTextView.m */,
				F5F72E0E1D62EE5F008C0D62 /* BOBsKeyboardHandlerKit */,
				F5F72E051D62EA73008C0D62 /* BOBTableBaseViewController.h */,
				F5F72E061D62EA73008C0D62 /* BOBTableBaseViewController.m */,
				F5F72E131D63133F008C0D62 /* TableViewInterfaceEditorCtrl.h */,
				F5F72E141D63133F008C0D62 /* TableViewInterfaceEditorCtrl.m */,
				F5F72E0B1D62ED77008C0D62 /* SingleInterfaceEditorCtrl.h */,
				F5F72E0C1D62ED77008C0D62 /* SingleInterfaceEditorCtrl.m */,
				F5F72F1F1D66F7B3008C0D62 /* TableViewMutInterfaceEditorCtrl.h */,
				F5F72F201D66F7B3008C0D62 /* TableViewMutInterfaceEditorCtrl.m */,
				F5F72DD51D62E994008C0D62 /* AppDelegate.h */,
				F5F72DD61D62E994008C0D62 /* AppDelegate.m */,
				F5F72DD81D62E994008C0D62 /* ViewController.h */,
				F5F72DD91D62E994008C0D62 /* ViewController.m */,
				F5F72DDB1D62E994008C0D62 /* Main.storyboard */,
				F5F72DDE1D62E994008C0D62 /* Assets.xcassets */,
				F5F72DE01D62E994008C0D62 /* LaunchScreen.storyboard */,
				F5F72DE31D62E994008C0D62 /* Info.plist */,
				F5F72DD21D62E994008C0D62 /* Supporting Files */,
			);
			path = BOBsKeyboardHandlerKit;
			sourceTree = "<group>";
		};
		F5F72DD21D62E994008C0D62 /* Supporting Files */ = {
			isa = PBXGroup;
			children = (
				F5F72DD31D62E994008C0D62 /* main.m */,
			);
			name = "Supporting Files";
			sourceTree = "<group>";
		};
		F5F72DEB1D62E994008C0D62 /* BOBsKeyboardHandlerKitTests */ = {
			isa = PBXGroup;
			children = (
				F5F72DEC1D62E994008C0D62 /* BOBsKeyboardHandlerKitTests.m */,
				F5F72DEE1D62E994008C0D62 /* Info.plist */,
			);
			path = BOBsKeyboardHandlerKitTests;
			sourceTree = "<group>";
		};
		F5F72DF61D62E994008C0D62 /* BOBsKeyboardHandlerKitUITests */ = {
			isa = PBXGroup;
			children = (
				F5F72DF71D62E994008C0D62 /* BOBsKeyboardHandlerKitUITests.m */,
				F5F72DF91D62E994008C0D62 /* Info.plist */,
			);
			path = BOBsKeyboardHandlerKitUITests;
			sourceTree = "<group>";
		};
		F5F72E0E1D62EE5F008C0D62 /* BOBsKeyboardHandlerKit */ = {
			isa = PBXGroup;
			children = (
				F5F72F2B1D69F78E008C0D62 /* Keyboard */,
				F5F72E161D631661008C0D62 /* UIView+BOBs.h */,
				F5F72E171D631661008C0D62 /* UIView+BOBs.m */,
				F5F72F191D66E7E2008C0D62 /* KeyboardInfo.h */,
				F5F72F1A1D66E7E2008C0D62 /* KeyboardInfo.m */,
				F5F72F251D66FBFF008C0D62 /* KeyboardToolView.h */,
				F5F72F261D66FBFF008C0D62 /* KeyboardToolView.m */,
				F5F72F1C1D66E87E008C0D62 /* BOBKeyboardUtil.h */,
				F5F72F1D1D66E87E008C0D62 /* BOBKeyboardUtil.m */,
				F5F72F281D698C7C008C0D62 /* BOBTableKeyboardUtil.h */,
				F5F72F291D698C7C008C0D62 /* BOBTableKeyboardUtil.m */,
			);
			path = BOBsKeyboardHandlerKit;
			sourceTree = "<group>";
		};
		F5F72F2B1D69F78E008C0D62 /* Keyboard */ = {
			isa = PBXGroup;
			children = (
				F5F72F2C1D69F78E008C0D62 /* ZYKeyboardUtil.h */,
				F5F72F2D1D69F78E008C0D62 /* ZYKeyboardUtil.m */,
			);
			path = Keyboard;
			sourceTree = "<group>";
		};
/* End PBXGroup section */

/* Begin PBXNativeTarget section */
		F5F72DCE1D62E994008C0D62 /* BOBsKeyboardHandlerKit */ = {
			isa = PBXNativeTarget;
			buildConfigurationList = F5F72DFC1D62E994008C0D62 /* Build configuration list for PBXNativeTarget "BOBsKeyboardHandlerKit" */;
			buildPhases = (
				F5F72DCB1D62E994008C0D62 /* Sources */,
				F5F72DCC1D62E994008C0D62 /* Frameworks */,
				F5F72DCD1D62E994008C0D62 /* Resources */,
			);
			buildRules = (
			);
			dependencies = (
			);
			name = BOBsKeyboardHandlerKit;
			productName = BOBsKeyboardHandlerKit;
			productReference = F5F72DCF1D62E994008C0D62 /* BOBsKeyboardHandlerKit.app */;
			productType = "com.apple.product-type.application";
		};
		F5F72DE71D62E994008C0D62 /* BOBsKeyboardHandlerKitTests */ = {
			isa = PBXNativeTarget;
			buildConfigurationList = F5F72DFF1D62E994008C0D62 /* Build configuration list for PBXNativeTarget "BOBsKeyboardHandlerKitTests" */;
			buildPhases = (
				F5F72DE41D62E994008C0D62 /* Sources */,
				F5F72DE51D62E994008C0D62 /* Frameworks */,
				F5F72DE61D62E994008C0D62 /* Resources */,
			);
			buildRules = (
			);
			dependencies = (
				F5F72DEA1D62E994008C0D62 /* PBXTargetDependency */,
			);
			name = BOBsKeyboardHandlerKitTests;
			productName = BOBsKeyboardHandlerKitTests;
			productReference = F5F72DE81D62E994008C0D62 /* BOBsKeyboardHandlerKitTests.xctest */;
			productType = "com.apple.product-type.bundle.unit-test";
		};
		F5F72DF21D62E994008C0D62 /* BOBsKeyboardHandlerKitUITests */ = {
			isa = PBXNativeTarget;
			buildConfigurationList = F5F72E021D62E994008C0D62 /* Build configuration list for PBXNativeTarget "BOBsKeyboardHandlerKitUITests" */;
			buildPhases = (
				F5F72DEF1D62E994008C0D62 /* Sources */,
				F5F72DF01D62E994008C0D62 /* Frameworks */,
				F5F72DF11D62E994008C0D62 /* Resources */,
			);
			buildRules = (
			);
			dependencies = (
				F5F72DF51D62E994008C0D62 /* PBXTargetDependency */,
			);
			name = BOBsKeyboardHandlerKitUITests;
			productName = BOBsKeyboardHandlerKitUITests;
			productReference = F5F72DF31D62E994008C0D62 /* BOBsKeyboardHandlerKitUITests.xctest */;
			productType = "com.apple.product-type.bundle.ui-testing";
		};
/* End PBXNativeTarget section */

/* Begin PBXProject section */
		F5F72DC71D62E994008C0D62 /* Project object */ = {
			isa = PBXProject;
			attributes = {
				LastUpgradeCheck = 0730;
				ORGANIZATIONNAME = NieXiaobo;
				TargetAttributes = {
					F5F72DCE1D62E994008C0D62 = {
						CreatedOnToolsVersion = 7.3;
					};
					F5F72DE71D62E994008C0D62 = {
						CreatedOnToolsVersion = 7.3;
						TestTargetID = F5F72DCE1D62E994008C0D62;
					};
					F5F72DF21D62E994008C0D62 = {
						CreatedOnToolsVersion = 7.3;
						TestTargetID = F5F72DCE1D62E994008C0D62;
					};
				};
			};
			buildConfigurationList = F5F72DCA1D62E994008C0D62 /* Build configuration list for PBXProject "BOBsKeyboardHandlerKit" */;
			compatibilityVersion = "Xcode 3.2";
			developmentRegion = English;
			hasScannedForEncodings = 0;
			knownRegions = (
				en,
				Base,
			);
			mainGroup = F5F72DC61D62E994008C0D62;
			productRefGroup = F5F72DD01D62E994008C0D62 /* Products */;
			projectDirPath = "";
			projectRoot = "";
			targets = (
				F5F72DCE1D62E994008C0D62 /* BOBsKeyboardHandlerKit */,
				F5F72DE71D62E994008C0D62 /* BOBsKeyboardHandlerKitTests */,
				F5F72DF21D62E994008C0D62 /* BOBsKeyboardHandlerKitUITests */,
			);
		};
/* End PBXProject section */

/* Begin PBXResourcesBuildPhase section */
		F5F72DCD1D62E994008C0D62 /* Resources */ = {
			isa = PBXResourcesBuildPhase;
			buildActionMask = 2147483647;
			files = (
				F5F72DE21D62E994008C0D62 /* LaunchScreen.storyboard in Resources */,
				F5F72DDF1D62E994008C0D62 /* Assets.xcassets in Resources */,
				F5F72DDD1D62E994008C0D62 /* Main.storyboard in Resources */,
			);
			runOnlyForDeploymentPostprocessing = 0;
		};
		F5F72DE61D62E994008C0D62 /* Resources */ = {
			isa = PBXResourcesBuildPhase;
			buildActionMask = 2147483647;
			files = (
			);
			runOnlyForDeploymentPostprocessing = 0;
		};
		F5F72DF11D62E994008C0D62 /* Resources */ = {
			isa = PBXResourcesBuildPhase;
			buildActionMask = 2147483647;
			files = (
			);
			runOnlyForDeploymentPostprocessing = 0;
		};
/* End PBXResourcesBuildPhase section */

/* Begin PBXSourcesBuildPhase section */
		F5F72DCB1D62E994008C0D62 /* Sources */ = {
			isa = PBXSourcesBuildPhase;
			buildActionMask = 2147483647;
			files = (
				F5F72F1E1D66E87E008C0D62 /* BOBKeyboardUtil.m in Sources */,
				F5F72E151D63133F008C0D62 /* TableViewInterfaceEditorCtrl.m in Sources */,
				F5F72F241D66F8EB008C0D62 /* HMTextView.m in Sources */,
				F5F72F271D66FBFF008C0D62 /* KeyboardToolView.m in Sources */,
				F5F72E071D62EA73008C0D62 /* BOBTableBaseViewController.m in Sources */,
				F5F72E181D631661008C0D62 /* UIView+BOBs.m in Sources */,
				F5F72DDA1D62E994008C0D62 /* ViewController.m in Sources */,
				F5F72DD71D62E994008C0D62 /* AppDelegate.m in Sources */,
				F5F72E0D1D62ED77008C0D62 /* SingleInterfaceEditorCtrl.m in Sources */,
				F5F72F2E1D69F78E008C0D62 /* ZYKeyboardUtil.m in Sources */,
				F5F72F1B1D66E7E2008C0D62 /* KeyboardInfo.m in Sources */,
				F5F72F2A1D698C7C008C0D62 /* BOBTableKeyboardUtil.m in Sources */,
				F5F72F211D66F7B3008C0D62 /* TableViewMutInterfaceEditorCtrl.m in Sources */,
				F5F72DD41D62E994008C0D62 /* main.m in Sources */,
			);
			runOnlyForDeploymentPostprocessing = 0;
		};
		F5F72DE41D62E994008C0D62 /* Sources */ = {
			isa = PBXSourcesBuildPhase;
			buildActionMask = 2147483647;
			files = (
				F5F72DED1D62E994008C0D62 /* BOBsKeyboardHandlerKitTests.m in Sources */,
			);
			runOnlyForDeploymentPostprocessing = 0;
		};
		F5F72DEF1D62E994008C0D62 /* Sources */ = {
			isa = PBXSourcesBuildPhase;
			buildActionMask = 2147483647;
			files = (
				F5F72DF81D62E994008C0D62 /* BOBsKeyboardHandlerKitUITests.m in Sources */,
			);
			runOnlyForDeploymentPostprocessing = 0;
		};
/* End PBXSourcesBuildPhase section */

/* Begin PBXTargetDependency section */
		F5F72DEA1D62E994008C0D62 /* PBXTargetDependency */ = {
			isa = PBXTargetDependency;
			target = F5F72DCE1D62E994008C0D62 /* BOBsKeyboardHandlerKit */;
			targetProxy = F5F72DE91D62E994008C0D62 /* PBXContainerItemProxy */;
		};
		F5F72DF51D62E994008C0D62 /* PBXTargetDependency */ = {
			isa = PBXTargetDependency;
			target = F5F72DCE1D62E994008C0D62 /* BOBsKeyboardHandlerKit */;
			targetProxy = F5F72DF41D62E994008C0D62 /* PBXContainerItemProxy */;
		};
/* End PBXTargetDependency section */

/* Begin PBXVariantGroup section */
		F5F72DDB1D62E994008C0D62 /* Main.storyboard */ = {
			isa = PBXVariantGroup;
			children = (
				F5F72DDC1D62E994008C0D62 /* Base */,
			);
			name = Main.storyboard;
			sourceTree = "<group>";
		};
		F5F72DE01D62E994008C0D62 /* LaunchScreen.storyboard */ = {
			isa = PBXVariantGroup;
			children = (
				F5F72DE11D62E994008C0D62 /* Base */,
			);
			name = LaunchScreen.storyboard;
			sourceTree = "<group>";
		};
/* End PBXVariantGroup section */

/* Begin XCBuildConfiguration section */
		F5F72DFA1D62E994008C0D62 /* Debug */ = {
			isa = XCBuildConfiguration;
			buildSettings = {
				ALWAYS_SEARCH_USER_PATHS = NO;
				CLANG_ANALYZER_NONNULL = YES;
				CLANG_CXX_LANGUAGE_STANDARD = "gnu++0x";
				CLANG_CXX_LIBRARY = "libc++";
				CLANG_ENABLE_MODULES = YES;
				CLANG_ENABLE_OBJC_ARC = YES;
				CLANG_WARN_BOOL_CONVERSION = YES;
				CLANG_WARN_CONSTANT_CONVERSION = YES;
				CLANG_WARN_DIRECT_OBJC_ISA_USAGE = YES_ERROR;
				CLANG_WARN_EMPTY_BODY = YES;
				CLANG_WARN_ENUM_CONVERSION = YES;
				CLANG_WARN_INT_CONVERSION = YES;
				CLANG_WARN_OBJC_ROOT_CLASS = YES_ERROR;
				CLANG_WARN_UNREACHABLE_CODE = YES;
				CLANG_WARN__DUPLICATE_METHOD_MATCH = YES;
				"CODE_SIGN_IDENTITY[sdk=iphoneos*]" = "iPhone Developer";
				COPY_PHASE_STRIP = NO;
				DEBUG_INFORMATION_FORMAT = dwarf;
				ENABLE_STRICT_OBJC_MSGSEND = YES;
				ENABLE_TESTABILITY = YES;
				GCC_C_LANGUAGE_STANDARD = gnu99;
				GCC_DYNAMIC_NO_PIC = NO;
				GCC_NO_COMMON_BLOCKS = YES;
				GCC_OPTIMIZATION_LEVEL = 0;
				GCC_PREPROCESSOR_DEFINITIONS = (
					"DEBUG=1",
					"$(inherited)",
				);
				GCC_WARN_64_TO_32_BIT_CONVERSION = YES;
				GCC_WARN_ABOUT_RETURN_TYPE = YES_ERROR;
				GCC_WARN_UNDECLARED_SELECTOR = YES;
				GCC_WARN_UNINITIALIZED_AUTOS = YES_AGGRESSIVE;
				GCC_WARN_UNUSED_FUNCTION = YES;
				GCC_WARN_UNUSED_VARIABLE = YES;
				IPHONEOS_DEPLOYMENT_TARGET = 9.3;
				MTL_ENABLE_DEBUG_INFO = YES;
				ONLY_ACTIVE_ARCH = YES;
				SDKROOT = iphoneos;
				TARGETED_DEVICE_FAMILY = "1,2";
			};
			name = Debug;
		};
		F5F72DFB1D62E994008C0D62 /* Release */ = {
			isa = XCBuildConfiguration;
			buildSettings = {
				ALWAYS_SEARCH_USER_PATHS = NO;
				CLANG_ANALYZER_NONNULL = YES;
				CLANG_CXX_LANGUAGE_STANDARD = "gnu++0x";
				CLANG_CXX_LIBRARY = "libc++";
				CLANG_ENABLE_MODULES = YES;
				CLANG_ENABLE_OBJC_ARC = YES;
				CLANG_WARN_BOOL_CONVERSION = YES;
				CLANG_WARN_CONSTANT_CONVERSION = YES;
				CLANG_WARN_DIRECT_OBJC_ISA_USAGE = YES_ERROR;
				CLANG_WARN_EMPTY_BODY = YES;
				CLANG_WARN_ENUM_CONVERSION = YES;
				CLANG_WARN_INT_CONVERSION = YES;
				CLANG_WARN_OBJC_ROOT_CLASS = YES_ERROR;
				CLANG_WARN_UNREACHABLE_CODE = YES;
				CLANG_WARN__DUPLICATE_METHOD_MATCH = YES;
				"CODE_SIGN_IDENTITY[sdk=iphoneos*]" = "iPhone Developer";
				COPY_PHASE_STRIP = NO;
				DEBUG_INFORMATION_FORMAT = "dwarf-with-dsym";
				ENABLE_NS_ASSERTIONS = NO;
				ENABLE_STRICT_OBJC_MSGSEND = YES;
				GCC_C_LANGUAGE_STANDARD = gnu99;
				GCC_NO_COMMON_BLOCKS = YES;
				GCC_WARN_64_TO_32_BIT_CONVERSION = YES;
				GCC_WARN_ABOUT_RETURN_TYPE = YES_ERROR;
				GCC_WARN_UNDECLARED_SELECTOR = YES;
				GCC_WARN_UNINITIALIZED_AUTOS = YES_AGGRESSIVE;
				GCC_WARN_UNUSED_FUNCTION = YES;
				GCC_WARN_UNUSED_VARIABLE = YES;
				IPHONEOS_DEPLOYMENT_TARGET = 9.3;
				MTL_ENABLE_DEBUG_INFO = NO;
				SDKROOT = iphoneos;
				TARGETED_DEVICE_FAMILY = "1,2";
				VALIDATE_PRODUCT = YES;
			};
			name = Release;
		};
		F5F72DFD1D62E994008C0D62 /* Debug */ = {
			isa = XCBuildConfiguration;
			buildSettings = {
				ASSETCATALOG_COMPILER_APPICON_NAME = AppIcon;
				INFOPLIST_FILE = BOBsKeyboardHandlerKit/Info.plist;
				LD_RUNPATH_SEARCH_PATHS = "$(inherited) @executable_path/Frameworks";
				PRODUCT_BUNDLE_IDENTIFIER = NXB.BOBsKeyboardHandlerKit;
				PRODUCT_NAME = "$(TARGET_NAME)";
			};
			name = Debug;
		};
		F5F72DFE1D62E994008C0D62 /* Release */ = {
			isa = XCBuildConfiguration;
			buildSettings = {
				ASSETCATALOG_COMPILER_APPICON_NAME = AppIcon;
				INFOPLIST_FILE = BOBsKeyboardHandlerKit/Info.plist;
				LD_RUNPATH_SEARCH_PATHS = "$(inherited) @executable_path/Frameworks";
				PRODUCT_BUNDLE_IDENTIFIER = NXB.BOBsKeyboardHandlerKit;
				PRODUCT_NAME = "$(TARGET_NAME)";
			};
			name = Release;
		};
		F5F72E001D62E994008C0D62 /* Debug */ = {
			isa = XCBuildConfiguration;
			buildSettings = {
				BUNDLE_LOADER = "$(TEST_HOST)";
				INFOPLIST_FILE = BOBsKeyboardHandlerKitTests/Info.plist;
				LD_RUNPATH_SEARCH_PATHS = "$(inherited) @executable_path/Frameworks @loader_path/Frameworks";
				PRODUCT_BUNDLE_IDENTIFIER = NXB.BOBsKeyboardHandlerKitTests;
				PRODUCT_NAME = "$(TARGET_NAME)";
				TEST_HOST = "$(BUILT_PRODUCTS_DIR)/BOBsKeyboardHandlerKit.app/BOBsKeyboardHandlerKit";
			};
			name = Debug;
		};
		F5F72E011D62E994008C0D62 /* Release */ = {
			isa = XCBuildConfiguration;
			buildSettings = {
				BUNDLE_LOADER = "$(TEST_HOST)";
				INFOPLIST_FILE = BOBsKeyboardHandlerKitTests/Info.plist;
				LD_RUNPATH_SEARCH_PATHS = "$(inherited) @executable_path/Frameworks @loader_path/Frameworks";
				PRODUCT_BUNDLE_IDENTIFIER = NXB.BOBsKeyboardHandlerKitTests;
				PRODUCT_NAME = "$(TARGET_NAME)";
				TEST_HOST = "$(BUILT_PRODUCTS_DIR)/BOBsKeyboardHandlerKit.app/BOBsKeyboardHandlerKit";
			};
			name = Release;
		};
		F5F72E031D62E994008C0D62 /* Debug */ = {
			isa = XCBuildConfiguration;
			buildSettings = {
				INFOPLIST_FILE = BOBsKeyboardHandlerKitUITests/Info.plist;
				LD_RUNPATH_SEARCH_PATHS = "$(inherited) @executable_path/Frameworks @loader_path/Frameworks";
				PRODUCT_BUNDLE_IDENTIFIER = NXB.BOBsKeyboardHandlerKitUITests;
				PRODUCT_NAME = "$(TARGET_NAME)";
				TEST_TARGET_NAME = BOBsKeyboardHandlerKit;
			};
			name = Debug;
		};
		F5F72E041D62E994008C0D62 /* Release */ = {
			isa = XCBuildConfiguration;
			buildSettings = {
				INFOPLIST_FILE = BOBsKeyboardHandlerKitUITests/Info.plist;
				LD_RUNPATH_SEARCH_PATHS = "$(inherited) @executable_path/Frameworks @loader_path/Frameworks";
				PRODUCT_BUNDLE_IDENTIFIER = NXB.BOBsKeyboardHandlerKitUITests;
				PRODUCT_NAME = "$(TARGET_NAME)";
				TEST_TARGET_NAME = BOBsKeyboardHandlerKit;
			};
			name = Release;
		};
/* End XCBuildConfiguration section */

/* Begin XCConfigurationList section */
		F5F72DCA1D62E994008C0D62 /* Build configuration list for PBXProject "BOBsKeyboardHandlerKit" */ = {
			isa = XCConfigurationList;
			buildConfigurations = (
				F5F72DFA1D62E994008C0D62 /* Debug */,
				F5F72DFB1D62E994008C0D62 /* Release */,
			);
			defaultConfigurationIsVisible = 0;
			defaultConfigurationName = Release;
		};
		F5F72DFC1D62E994008C0D62 /* Build configuration list for PBXNativeTarget "BOBsKeyboardHandlerKit" */ = {
			isa = XCConfigurationList;
			buildConfigurations = (
				F5F72DFD1D62E994008C0D62 /* Debug */,
				F5F72DFE1D62E994008C0D62 /* Release */,
			);
			defaultConfigurationIsVisible = 0;
			defaultConfigurationName = Release;
		};
		F5F72DFF1D62E994008C0D62 /* Build configuration list for PBXNativeTarget "BOBsKeyboardHandlerKitTests" */ = {
			isa = XCConfigurationList;
			buildConfigurations = (
				F5F72E001D62E994008C0D62 /* Debug */,
				F5F72E011D62E994008C0D62 /* Release */,
			);
			defaultConfigurationIsVisible = 0;
			defaultConfigurationName = Release;
		};
		F5F72E021D62E994008C0D62 /* Build configuration list for PBXNativeTarget "BOBsKeyboardHandlerKitUITests" */ = {
			isa = XCConfigurationList;
			buildConfigurations = (
				F5F72E031D62E994008C0D62 /* Debug */,
				F5F72E041D62E994008C0D62 /* Release */,
			);
			defaultConfigurationIsVisible = 0;
			defaultConfigurationName = Release;
		};
/* End XCConfigurationList section */
	};
	rootObject = F5F72DC71D62E994008C0D62 /* Project object */;
}
